
Microsoft Visual Studio Solution File, Format Version 12.00
# Visual Studio Version 17
VisualStudioVersion = 17.3.32922.545
MinimumVisualStudioVersion = 10.0.40219.1
Project("{FAE04EC0-301F-11D3-BF4B-00C04F79EFBC}") = "Eccezioni_1", "Eccezioni_1\Eccezioni_1.csproj", "{5D44B7D6-FFD7-464B-8FA3-3EA694CF6711}"
EndProject
Global
	GlobalSection(SolutionConfigurationPlatforms) = preSolution
		Debug|Any CPU = Debug|Any CPU
		Release|Any CPU = Release|Any CPU
	EndGlobalSection
	GlobalSection(ProjectConfigurationPlatforms) = postSolution
		{5D44B7D6-FFD7-464B-8FA3-3EA694CF6711}.Debug|Any CPU.ActiveCfg = Debug|Any CPU
		{5D44B7D6-FFD7-464B-8FA3-3EA694CF6711}.Debug|Any CPU.Build.0 = Debug|Any CPU
		{5D44B7D6-FFD7-464B-8FA3-3EA694CF6711}.Release|Any CPU.ActiveCfg = Release|Any CPU
		{5D44B7D6-FFD7-464B-8FA3-3EA694CF6711}.Release|Any CPU.Build.0 = Release|Any CPU
	EndGlobalSection
	GlobalSection(SolutionProperties) = preSolution
		HideSolutionNode = FALSE
	EndGlobalSection
	GlobalSection(ExtensibilityGlobals) = postSolution
		SolutionGuid = {DDB3581A-3920-4C68-95AF-01518F097371}
	EndGlobalSection
EndGlobal
